
Microsoft Visual Studio Solution File, Format Version 12.00
# Visual Studio 15
VisualStudioVersion = 15.0.26403.7
MinimumVisualStudioVersion = 10.0.40219.1
Project("{2150E333-8FDC-42A3-9474-1A3956D46DE8}") = "Solution Items", "Solution Items", "{EA00DDA7-2CE4-47E5-9748-9C6F64C23E93}"
	ProjectSection(SolutionItems) = preProject
		appveyor.yml = appveyor.yml
		AssemblyInfoCommon.cs = AssemblyInfoCommon.cs
	EndProjectSection
EndProject
Project("{9A19103F-16F7-4668-BE54-9A1E7A4F7556}") = "PT.SourceStats", "PT.SourceStats\PT.SourceStats.csproj", "{07FBC8E2-1E23-4EA9-8EF1-7E21C81B6D9F}"
EndProject
Project("{9A19103F-16F7-4668-BE54-9A1E7A4F7556}") = "PT.SourceStats.Tests", "PT.SourceStats.Tests\PT.SourceStats.Tests.csproj", "{60C79D9E-8A00-4423-80EC-E3714D806BE4}"
EndProject
Project("{2150E333-8FDC-42A3-9474-1A3956D46DE8}") = "PT.PM", "PT.PM", "{6C4F23D5-0C01-4EAE-B99D-9D089E94CB21}"
EndProject
Project("{9A19103F-16F7-4668-BE54-9A1E7A4F7556}") = "PT.PM", "PT.PM\Sources\PT.PM\PT.PM.csproj", "{478B4DE8-8572-4D5D-A928-D36151327CCF}"
EndProject
Project("{9A19103F-16F7-4668-BE54-9A1E7A4F7556}") = "PT.PM.Patterns", "PT.PM\Sources\PT.PM.Patterns\PT.PM.Patterns.csproj", "{053ABAAC-B840-43E5-BBD8-5350FF02F128}"
EndProject
Project("{9A19103F-16F7-4668-BE54-9A1E7A4F7556}") = "PT.PM.Common", "PT.PM\Sources\PT.PM.Common\PT.PM.Common.csproj", "{801FDCDD-2C9B-4BC5-B6CC-3F4E20DE8A17}"
EndProject
Project("{9A19103F-16F7-4668-BE54-9A1E7A4F7556}") = "PT.PM.AntlrUtils", "PT.PM\Sources\PT.PM.AntlrUtils\PT.PM.AntlrUtils.csproj", "{C48A5E1C-7326-4304-AA85-3914C7E41B94}"
EndProject
Project("{9A19103F-16F7-4668-BE54-9A1E7A4F7556}") = "PT.PM.CSharpParseTreeUst", "PT.PM\Sources\PT.PM.CSharpParseTreeUst\PT.PM.CSharpParseTreeUst.csproj", "{966C5900-8D7A-49A3-95F5-DC9848333911}"
EndProject
Project("{9A19103F-16F7-4668-BE54-9A1E7A4F7556}") = "PT.PM.Dsl", "PT.PM\Sources\PT.PM.Dsl\PT.PM.Dsl.csproj", "{09922633-BACD-410B-BBF6-8F31EFC9C506}"
EndProject
Project("{9A19103F-16F7-4668-BE54-9A1E7A4F7556}") = "PT.PM.JavaParseTreeUst", "PT.PM\Sources\PT.PM.JavaParseTreeUst\PT.PM.JavaParseTreeUst.csproj", "{63743FD2-34C1-42E7-B4D4-F2053BDFF0A2}"
EndProject
Project("{9A19103F-16F7-4668-BE54-9A1E7A4F7556}") = "PT.PM.JavaScriptParseTreeUst", "PT.PM\Sources\PT.PM.JavaScriptParseTreeUst\PT.PM.JavaScriptParseTreeUst.csproj", "{B4443F14-8337-4B2C-94CF-F5D23673D027}"
EndProject
Project("{9A19103F-16F7-4668-BE54-9A1E7A4F7556}") = "PT.PM.Matching", "PT.PM\Sources\PT.PM.Matching\PT.PM.Matching.csproj", "{00A77A5B-9C1A-4275-88EB-C75EE48B6C61}"
EndProject
Project("{9A19103F-16F7-4668-BE54-9A1E7A4F7556}") = "PT.PM.PhpParseTreeUst", "PT.PM\Sources\PT.PM.PhpParseTreeUst\PT.PM.PhpParseTreeUst.csproj", "{13DF0E00-08DF-49A3-B506-FF59C0A6B448}"
EndProject
Project("{9A19103F-16F7-4668-BE54-9A1E7A4F7556}") = "PT.PM.PlSqlParseTreeUst", "PT.PM\Sources\PT.PM.PlSqlParseTreeUst\PT.PM.PlSqlParseTreeUst.csproj", "{3988D2F2-DFC9-4043-A5ED-BA463C492557}"
EndProject
Project("{9A19103F-16F7-4668-BE54-9A1E7A4F7556}") = "PT.PM.TSqlParseTreeUst", "PT.PM\Sources\PT.PM.TSqlParseTreeUst\PT.PM.TSqlParseTreeUst.csproj", "{0CA3B14D-5D5D-4A1C-AFD1-2D2CF703F7FA}"
EndProject
Project("{9A19103F-16F7-4668-BE54-9A1E7A4F7556}") = "AspxParser", "PT.PM\Sources\AspxParser\AspxParser\AspxParser.csproj", "{4B0039D0-EB34-470A-A10F-FFE07E66895D}"
EndProject
Project("{9A19103F-16F7-4668-BE54-9A1E7A4F7556}") = "PT.SourceStats.Cli", "PT.SourceStats.Cli\PT.SourceStats.Cli.csproj", "{78FB1F7E-8565-4FA8-B718-BBFB86FF7DB6}"
EndProject
Project("{FAE04EC0-301F-11D3-BF4B-00C04F79EFBC}") = "PT.PM.MySqlParseTreeUst", "PT.PM\Sources\PT.PM.MySqlParseTreeUst\PT.PM.MySqlParseTreeUst.csproj", "{FD337629-371F-4514-B308-6B38EC6D14EE}"
EndProject
Project("{FAE04EC0-301F-11D3-BF4B-00C04F79EFBC}") = "PT.PM.PythonParseTreeUst", "PT.PM\Sources\PT.PM.PythonParseTreeUst\PT.PM.PythonParseTreeUst.csproj", "{4AC955A9-06AA-46E4-BB3B-441F19D2CD1C}"
EndProject
Global
	GlobalSection(SolutionConfigurationPlatforms) = preSolution
		Debug|Any CPU = Debug|Any CPU
		Release|Any CPU = Release|Any CPU
	EndGlobalSection
	GlobalSection(ProjectConfigurationPlatforms) = postSolution
		{07FBC8E2-1E23-4EA9-8EF1-7E21C81B6D9F}.Debug|Any CPU.ActiveCfg = Debug|Any CPU
		{07FBC8E2-1E23-4EA9-8EF1-7E21C81B6D9F}.Debug|Any CPU.Build.0 = Debug|Any CPU
		{07FBC8E2-1E23-4EA9-8EF1-7E21C81B6D9F}.Release|Any CPU.ActiveCfg = Release|Any CPU
		{07FBC8E2-1E23-4EA9-8EF1-7E21C81B6D9F}.Release|Any CPU.Build.0 = Release|Any CPU
		{60C79D9E-8A00-4423-80EC-E3714D806BE4}.Debug|Any CPU.ActiveCfg = Debug|Any CPU
		{60C79D9E-8A00-4423-80EC-E3714D806BE4}.Debug|Any CPU.Build.0 = Debug|Any CPU
		{60C79D9E-8A00-4423-80EC-E3714D806BE4}.Release|Any CPU.ActiveCfg = Release|Any CPU
		{60C79D9E-8A00-4423-80EC-E3714D806BE4}.Release|Any CPU.Build.0 = Release|Any CPU
		{478B4DE8-8572-4D5D-A928-D36151327CCF}.Debug|Any CPU.ActiveCfg = Debug|Any CPU
		{478B4DE8-8572-4D5D-A928-D36151327CCF}.Debug|Any CPU.Build.0 = Debug|Any CPU
		{478B4DE8-8572-4D5D-A928-D36151327CCF}.Release|Any CPU.ActiveCfg = Release|Any CPU
		{478B4DE8-8572-4D5D-A928-D36151327CCF}.Release|Any CPU.Build.0 = Release|Any CPU
		{053ABAAC-B840-43E5-BBD8-5350FF02F128}.Debug|Any CPU.ActiveCfg = Debug|Any CPU
		{053ABAAC-B840-43E5-BBD8-5350FF02F128}.Debug|Any CPU.Build.0 = Debug|Any CPU
		{053ABAAC-B840-43E5-BBD8-5350FF02F128}.Release|Any CPU.ActiveCfg = Release|Any CPU
		{053ABAAC-B840-43E5-BBD8-5350FF02F128}.Release|Any CPU.Build.0 = Release|Any CPU
		{801FDCDD-2C9B-4BC5-B6CC-3F4E20DE8A17}.Debug|Any CPU.ActiveCfg = Debug|Any CPU
		{801FDCDD-2C9B-4BC5-B6CC-3F4E20DE8A17}.Debug|Any CPU.Build.0 = Debug|Any CPU
		{801FDCDD-2C9B-4BC5-B6CC-3F4E20DE8A17}.Release|Any CPU.ActiveCfg = Release|Any CPU
		{801FDCDD-2C9B-4BC5-B6CC-3F4E20DE8A17}.Release|Any CPU.Build.0 = Release|Any CPU
		{C48A5E1C-7326-4304-AA85-3914C7E41B94}.Debug|Any CPU.ActiveCfg = Debug|Any CPU
		{C48A5E1C-7326-4304-AA85-3914C7E41B94}.Debug|Any CPU.Build.0 = Debug|Any CPU
		{C48A5E1C-7326-4304-AA85-3914C7E41B94}.Release|Any CPU.ActiveCfg = Release|Any CPU
		{C48A5E1C-7326-4304-AA85-3914C7E41B94}.Release|Any CPU.Build.0 = Release|Any CPU
		{966C5900-8D7A-49A3-95F5-DC9848333911}.Debug|Any CPU.ActiveCfg = Debug|Any CPU
		{966C5900-8D7A-49A3-95F5-DC9848333911}.Debug|Any CPU.Build.0 = Debug|Any CPU
		{966C5900-8D7A-49A3-95F5-DC9848333911}.Release|Any CPU.ActiveCfg = Release|Any CPU
		{966C5900-8D7A-49A3-95F5-DC9848333911}.Release|Any CPU.Build.0 = Release|Any CPU
		{09922633-BACD-410B-BBF6-8F31EFC9C506}.Debug|Any CPU.ActiveCfg = Debug|Any CPU
		{09922633-BACD-410B-BBF6-8F31EFC9C506}.Debug|Any CPU.Build.0 = Debug|Any CPU
		{09922633-BACD-410B-BBF6-8F31EFC9C506}.Release|Any CPU.ActiveCfg = Release|Any CPU
		{09922633-BACD-410B-BBF6-8F31EFC9C506}.Release|Any CPU.Build.0 = Release|Any CPU
		{63743FD2-34C1-42E7-B4D4-F2053BDFF0A2}.Debug|Any CPU.ActiveCfg = Debug|Any CPU
		{63743FD2-34C1-42E7-B4D4-F2053BDFF0A2}.Debug|Any CPU.Build.0 = Debug|Any CPU
		{63743FD2-34C1-42E7-B4D4-F2053BDFF0A2}.Release|Any CPU.ActiveCfg = Release|Any CPU
		{63743FD2-34C1-42E7-B4D4-F2053BDFF0A2}.Release|Any CPU.Build.0 = Release|Any CPU
		{B4443F14-8337-4B2C-94CF-F5D23673D027}.Debug|Any CPU.ActiveCfg = Debug|Any CPU
		{B4443F14-8337-4B2C-94CF-F5D23673D027}.Debug|Any CPU.Build.0 = Debug|Any CPU
		{B4443F14-8337-4B2C-94CF-F5D23673D027}.Release|Any CPU.ActiveCfg = Release|Any CPU
		{B4443F14-8337-4B2C-94CF-F5D23673D027}.Release|Any CPU.Build.0 = Release|Any CPU
		{00A77A5B-9C1A-4275-88EB-C75EE48B6C61}.Debug|Any CPU.ActiveCfg = Debug|Any CPU
		{00A77A5B-9C1A-4275-88EB-C75EE48B6C61}.Debug|Any CPU.Build.0 = Debug|Any CPU
		{00A77A5B-9C1A-4275-88EB-C75EE48B6C61}.Release|Any CPU.ActiveCfg = Release|Any CPU
		{00A77A5B-9C1A-4275-88EB-C75EE48B6C61}.Release|Any CPU.Build.0 = Release|Any CPU
		{13DF0E00-08DF-49A3-B506-FF59C0A6B448}.Debug|Any CPU.ActiveCfg = Debug|Any CPU
		{13DF0E00-08DF-49A3-B506-FF59C0A6B448}.Debug|Any CPU.Build.0 = Debug|Any CPU
		{13DF0E00-08DF-49A3-B506-FF59C0A6B448}.Release|Any CPU.ActiveCfg = Release|Any CPU
		{13DF0E00-08DF-49A3-B506-FF59C0A6B448}.Release|Any CPU.Build.0 = Release|Any CPU
		{3988D2F2-DFC9-4043-A5ED-BA463C492557}.Debug|Any CPU.ActiveCfg = Debug|Any CPU
		{3988D2F2-DFC9-4043-A5ED-BA463C492557}.Debug|Any CPU.Build.0 = Debug|Any CPU
		{3988D2F2-DFC9-4043-A5ED-BA463C492557}.Release|Any CPU.ActiveCfg = Release|Any CPU
		{3988D2F2-DFC9-4043-A5ED-BA463C492557}.Release|Any CPU.Build.0 = Release|Any CPU
		{0CA3B14D-5D5D-4A1C-AFD1-2D2CF703F7FA}.Debug|Any CPU.ActiveCfg = Debug|Any CPU
		{0CA3B14D-5D5D-4A1C-AFD1-2D2CF703F7FA}.Debug|Any CPU.Build.0 = Debug|Any CPU
		{0CA3B14D-5D5D-4A1C-AFD1-2D2CF703F7FA}.Release|Any CPU.ActiveCfg = Release|Any CPU
		{0CA3B14D-5D5D-4A1C-AFD1-2D2CF703F7FA}.Release|Any CPU.Build.0 = Release|Any CPU
		{4B0039D0-EB34-470A-A10F-FFE07E66895D}.Debug|Any CPU.ActiveCfg = Debug|Any CPU
		{4B0039D0-EB34-470A-A10F-FFE07E66895D}.Debug|Any CPU.Build.0 = Debug|Any CPU
		{4B0039D0-EB34-470A-A10F-FFE07E66895D}.Release|Any CPU.ActiveCfg = Release|Any CPU
		{4B0039D0-EB34-470A-A10F-FFE07E66895D}.Release|Any CPU.Build.0 = Release|Any CPU
		{78FB1F7E-8565-4FA8-B718-BBFB86FF7DB6}.Debug|Any CPU.ActiveCfg = Debug|Any CPU
		{78FB1F7E-8565-4FA8-B718-BBFB86FF7DB6}.Debug|Any CPU.Build.0 = Debug|Any CPU
		{78FB1F7E-8565-4FA8-B718-BBFB86FF7DB6}.Release|Any CPU.ActiveCfg = Release|Any CPU
		{78FB1F7E-8565-4FA8-B718-BBFB86FF7DB6}.Release|Any CPU.Build.0 = Release|Any CPU
		{FD337629-371F-4514-B308-6B38EC6D14EE}.Debug|Any CPU.ActiveCfg = Debug|Any CPU
		{FD337629-371F-4514-B308-6B38EC6D14EE}.Debug|Any CPU.Build.0 = Debug|Any CPU
		{FD337629-371F-4514-B308-6B38EC6D14EE}.Release|Any CPU.ActiveCfg = Release|Any CPU
		{FD337629-371F-4514-B308-6B38EC6D14EE}.Release|Any CPU.Build.0 = Release|Any CPU
		{4AC955A9-06AA-46E4-BB3B-441F19D2CD1C}.Debug|Any CPU.ActiveCfg = Debug|Any CPU
		{4AC955A9-06AA-46E4-BB3B-441F19D2CD1C}.Debug|Any CPU.Build.0 = Debug|Any CPU
		{4AC955A9-06AA-46E4-BB3B-441F19D2CD1C}.Release|Any CPU.ActiveCfg = Release|Any CPU
		{4AC955A9-06AA-46E4-BB3B-441F19D2CD1C}.Release|Any CPU.Build.0 = Release|Any CPU
	EndGlobalSection
	GlobalSection(SolutionProperties) = preSolution
		HideSolutionNode = FALSE
	EndGlobalSection
	GlobalSection(NestedProjects) = preSolution
		{478B4DE8-8572-4D5D-A928-D36151327CCF} = {6C4F23D5-0C01-4EAE-B99D-9D089E94CB21}
		{053ABAAC-B840-43E5-BBD8-5350FF02F128} = {6C4F23D5-0C01-4EAE-B99D-9D089E94CB21}
		{801FDCDD-2C9B-4BC5-B6CC-3F4E20DE8A17} = {6C4F23D5-0C01-4EAE-B99D-9D089E94CB21}
		{C48A5E1C-7326-4304-AA85-3914C7E41B94} = {6C4F23D5-0C01-4EAE-B99D-9D089E94CB21}
		{966C5900-8D7A-49A3-95F5-DC9848333911} = {6C4F23D5-0C01-4EAE-B99D-9D089E94CB21}
		{09922633-BACD-410B-BBF6-8F31EFC9C506} = {6C4F23D5-0C01-4EAE-B99D-9D089E94CB21}
		{63743FD2-34C1-42E7-B4D4-F2053BDFF0A2} = {6C4F23D5-0C01-4EAE-B99D-9D089E94CB21}
		{B4443F14-8337-4B2C-94CF-F5D23673D027} = {6C4F23D5-0C01-4EAE-B99D-9D089E94CB21}
		{00A77A5B-9C1A-4275-88EB-C75EE48B6C61} = {6C4F23D5-0C01-4EAE-B99D-9D089E94CB21}
		{13DF0E00-08DF-49A3-B506-FF59C0A6B448} = {6C4F23D5-0C01-4EAE-B99D-9D089E94CB21}
		{3988D2F2-DFC9-4043-A5ED-BA463C492557} = {6C4F23D5-0C01-4EAE-B99D-9D089E94CB21}
		{0CA3B14D-5D5D-4A1C-AFD1-2D2CF703F7FA} = {6C4F23D5-0C01-4EAE-B99D-9D089E94CB21}
		{4B0039D0-EB34-470A-A10F-FFE07E66895D} = {6C4F23D5-0C01-4EAE-B99D-9D089E94CB21}
		{FD337629-371F-4514-B308-6B38EC6D14EE} = {6C4F23D5-0C01-4EAE-B99D-9D089E94CB21}
		{4AC955A9-06AA-46E4-BB3B-441F19D2CD1C} = {6C4F23D5-0C01-4EAE-B99D-9D089E94CB21}
	EndGlobalSection
	GlobalSection(ExtensibilityGlobals) = postSolution
		SolutionGuid = {420E9328-439A-4077-9C80-522B9F56D419}
	EndGlobalSection
EndGlobal
